
Microsoft Visual Studio Solution File, Format Version 12.00
# Visual Studio Version 17
VisualStudioVersion = 17.10.34928.147
MinimumVisualStudioVersion = 10.0.40219.1
Project("{9A19103F-16F7-4668-BE54-9A1E7A4F7556}") = "BlazorJsTest", "BlazorJsTest\BlazorJsTest.csproj", "{F8770676-0F69-468F-BFBA-F0FF08E28966}"
EndProject
Project("{FAE04EC0-301F-11D3-BF4B-00C04F79EFBC}") = "RazorClassLibrary", "RazorClassLibrary\RazorClassLibrary.csproj", "{662A4C1E-EBCD-4A86-B4D4-ED344A90EB02}"
EndProject
Global
	GlobalSection(SolutionConfigurationPlatforms) = preSolution
		Debug|Any CPU = Debug|Any CPU
		Release|Any CPU = Release|Any CPU
	EndGlobalSection
	GlobalSection(ProjectConfigurationPlatforms) = postSolution
		{F8770676-0F69-468F-BFBA-F0FF08E28966}.Debug|Any CPU.ActiveCfg = Debug|Any CPU
		{F8770676-0F69-468F-BFBA-F0FF08E28966}.Debug|Any CPU.Build.0 = Debug|Any CPU
		{F8770676-0F69-468F-BFBA-F0FF08E28966}.Release|Any CPU.ActiveCfg = Release|Any CPU
		{F8770676-0F69-468F-BFBA-F0FF08E28966}.Release|Any CPU.Build.0 = Release|Any CPU
		{662A4C1E-EBCD-4A86-B4D4-ED344A90EB02}.Debug|Any CPU.ActiveCfg = Debug|Any CPU
		{662A4C1E-EBCD-4A86-B4D4-ED344A90EB02}.Debug|Any CPU.Build.0 = Debug|Any CPU
		{662A4C1E-EBCD-4A86-B4D4-ED344A90EB02}.Release|Any CPU.ActiveCfg = Release|Any CPU
		{662A4C1E-EBCD-4A86-B4D4-ED344A90EB02}.Release|Any CPU.Build.0 = Release|Any CPU
	EndGlobalSection
	GlobalSection(SolutionProperties) = preSolution
		HideSolutionNode = FALSE
	EndGlobalSection
	GlobalSection(ExtensibilityGlobals) = postSolution
		SolutionGuid = {38DF6620-5D4B-42E0-AD15-DB95D32CB693}
	EndGlobalSection
EndGlobal
